
Microsoft Visual Studio Solution File, Format Version 12.00
# Visual Studio Version 16
VisualStudioVersion = 16.0.31313.79
MinimumVisualStudioVersion = 10.0.40219.1
Project("{FAE04EC0-301F-11D3-BF4B-00C04F79EFBC}") = "CustomerOrderApp.Api", "CustomerOrder.Api\CustomerOrderApp.Api.csproj", "{6CA6EB94-3850-4854-B65C-7A3D8D2E9785}"
EndProject
Project("{FAE04EC0-301F-11D3-BF4B-00C04F79EFBC}") = "CustomerOrderApp.Core", "CustomerOrder.Core\CustomerOrderApp.Core.csproj", "{07FE3BD7-A48E-46AD-81A0-4007A706D065}"
EndProject
Project("{FAE04EC0-301F-11D3-BF4B-00C04F79EFBC}") = "CustomerOrderApp.Data", "CustomerOrder.Data\CustomerOrderApp.Data.csproj", "{3BBBB795-1C45-481A-B956-5B6A99A4E408}"
EndProject
Global
	GlobalSection(SolutionConfigurationPlatforms) = preSolution
		Debug|Any CPU = Debug|Any CPU
		Release|Any CPU = Release|Any CPU
	EndGlobalSection
	GlobalSection(ProjectConfigurationPlatforms) = postSolution
		{6CA6EB94-3850-4854-B65C-7A3D8D2E9785}.Debug|Any CPU.ActiveCfg = Debug|Any CPU
		{6CA6EB94-3850-4854-B65C-7A3D8D2E9785}.Debug|Any CPU.Build.0 = Debug|Any CPU
		{6CA6EB94-3850-4854-B65C-7A3D8D2E9785}.Release|Any CPU.ActiveCfg = Release|Any CPU
		{6CA6EB94-3850-4854-B65C-7A3D8D2E9785}.Release|Any CPU.Build.0 = Release|Any CPU
		{07FE3BD7-A48E-46AD-81A0-4007A706D065}.Debug|Any CPU.ActiveCfg = Debug|Any CPU
		{07FE3BD7-A48E-46AD-81A0-4007A706D065}.Debug|Any CPU.Build.0 = Debug|Any CPU
		{07FE3BD7-A48E-46AD-81A0-4007A706D065}.Release|Any CPU.ActiveCfg = Release|Any CPU
		{07FE3BD7-A48E-46AD-81A0-4007A706D065}.Release|Any CPU.Build.0 = Release|Any CPU
		{3BBBB795-1C45-481A-B956-5B6A99A4E408}.Debug|Any CPU.ActiveCfg = Debug|Any CPU
		{3BBBB795-1C45-481A-B956-5B6A99A4E408}.Debug|Any CPU.Build.0 = Debug|Any CPU
		{3BBBB795-1C45-481A-B956-5B6A99A4E408}.Release|Any CPU.ActiveCfg = Release|Any CPU
		{3BBBB795-1C45-481A-B956-5B6A99A4E408}.Release|Any CPU.Build.0 = Release|Any CPU
	EndGlobalSection
	GlobalSection(SolutionProperties) = preSolution
		HideSolutionNode = FALSE
	EndGlobalSection
	GlobalSection(ExtensibilityGlobals) = postSolution
		SolutionGuid = {359944F9-8864-4866-8877-4059AF3DB931}
	EndGlobalSection
EndGlobal
